
Microsoft Visual Studio Solution File, Format Version 12.00
# Visual Studio 15
VisualStudioVersion = 15.0.26206.0
MinimumVisualStudioVersion = 10.0.40219.1
Project("{2150E333-8FDC-42A3-9474-1A3956D46DE8}") = "src", "src", "{F8687C4B-B46F-4FDF-9077-0AF7CB810D58}"
EndProject
Project("{2150E333-8FDC-42A3-9474-1A3956D46DE8}") = "Solution Items", "Solution Items", "{97414FD5-9DD8-4A21-867C-22897D8C82A1}"
EndProject
Project("{9A19103F-16F7-4668-BE54-9A1E7A4F7556}") = "ELMarion", "src\ELMarion\ELMarion.csproj", "{245C47D4-3FFC-45F0-B909-B62D31C92E3A}"
EndProject
Project("{FAE04EC0-301F-11D3-BF4B-00C04F79EFBC}") = "UnitTestELMarion", "UnitTestELMarion\UnitTestELMarion.csproj", "{B85F4643-37E9-4D97-ACAD-8332D5ADC3EA}"
EndProject
Global
	GlobalSection(SolutionConfigurationPlatforms) = preSolution
		Debug|Any CPU = Debug|Any CPU
		Release|Any CPU = Release|Any CPU
	EndGlobalSection
	GlobalSection(ProjectConfigurationPlatforms) = postSolution
		{245C47D4-3FFC-45F0-B909-B62D31C92E3A}.Debug|Any CPU.ActiveCfg = Debug|Any CPU
		{245C47D4-3FFC-45F0-B909-B62D31C92E3A}.Debug|Any CPU.Build.0 = Debug|Any CPU
		{245C47D4-3FFC-45F0-B909-B62D31C92E3A}.Release|Any CPU.ActiveCfg = Release|Any CPU
		{245C47D4-3FFC-45F0-B909-B62D31C92E3A}.Release|Any CPU.Build.0 = Release|Any CPU
		{B85F4643-37E9-4D97-ACAD-8332D5ADC3EA}.Debug|Any CPU.ActiveCfg = Debug|Any CPU
		{B85F4643-37E9-4D97-ACAD-8332D5ADC3EA}.Debug|Any CPU.Build.0 = Debug|Any CPU
		{B85F4643-37E9-4D97-ACAD-8332D5ADC3EA}.Release|Any CPU.ActiveCfg = Release|Any CPU
		{B85F4643-37E9-4D97-ACAD-8332D5ADC3EA}.Release|Any CPU.Build.0 = Release|Any CPU
	EndGlobalSection
	GlobalSection(SolutionProperties) = preSolution
		HideSolutionNode = FALSE
	EndGlobalSection
	GlobalSection(NestedProjects) = preSolution
		{245C47D4-3FFC-45F0-B909-B62D31C92E3A} = {F8687C4B-B46F-4FDF-9077-0AF7CB810D58}
	EndGlobalSection
EndGlobal
